// !$*UTF8*$!
{
	archiveVersion = 1;
	classes = {
	};
	objectVersion = 56;
	objects = {

/* Begin PBXBuildFile section */
		6BE2FA5DB31988EDFE9B3C8C /* Pods_TwitterApp_TwitterAppUITests.framework in Frameworks */ = {isa = PBXBuildFile; fileRef = 443DBDB30112C06C37A0BF68 /* Pods_TwitterApp_TwitterAppUITests.framework */; };
		771071BD5857E30AA1CA3972 /* Pods_TwitterAppTests.framework in Frameworks */ = {isa = PBXBuildFile; fileRef = 83A1CE97F688EDD5EAB6866E /* Pods_TwitterAppTests.framework */; };
		951FA6E32A861D1700855AA4 /* PlaceTextView.swift in Sources */ = {isa = PBXBuildFile; fileRef = 951FA6E22A861D1700855AA4 /* PlaceTextView.swift */; };
		95FF08A52A6BAA130023EFBB /* AppDelegate.swift in Sources */ = {isa = PBXBuildFile; fileRef = 95FF08A42A6BAA130023EFBB /* AppDelegate.swift */; };
		95FF08A72A6BAA130023EFBB /* SceneDelegate.swift in Sources */ = {isa = PBXBuildFile; fileRef = 95FF08A62A6BAA130023EFBB /* SceneDelegate.swift */; };
		95FF08AC2A6BAA130023EFBB /* Main.storyboard in Resources */ = {isa = PBXBuildFile; fileRef = 95FF08AA2A6BAA130023EFBB /* Main.storyboard */; };
		95FF08AE2A6BAA140023EFBB /* Assets.xcassets in Resources */ = {isa = PBXBuildFile; fileRef = 95FF08AD2A6BAA140023EFBB /* Assets.xcassets */; };
		95FF08B12A6BAA140023EFBB /* LaunchScreen.storyboard in Resources */ = {isa = PBXBuildFile; fileRef = 95FF08AF2A6BAA140023EFBB /* LaunchScreen.storyboard */; };
		95FF08BC2A6BAA140023EFBB /* TwitterAppTests.swift in Sources */ = {isa = PBXBuildFile; fileRef = 95FF08BB2A6BAA140023EFBB /* TwitterAppTests.swift */; };
		95FF08C62A6BAA140023EFBB /* TwitterAppUITests.swift in Sources */ = {isa = PBXBuildFile; fileRef = 95FF08C52A6BAA140023EFBB /* TwitterAppUITests.swift */; };
		95FF08C82A6BAA140023EFBB /* TwitterAppUITestsLaunchTests.swift in Sources */ = {isa = PBXBuildFile; fileRef = 95FF08C72A6BAA140023EFBB /* TwitterAppUITestsLaunchTests.swift */; };
		95FF08D92A6D10710023EFBB /* HomeViewController.swift in Sources */ = {isa = PBXBuildFile; fileRef = 95FF08D82A6D10710023EFBB /* HomeViewController.swift */; };
		95FF08DD2A709B6D0023EFBB /* TweetDataModel.swift in Sources */ = {isa = PBXBuildFile; fileRef = 95FF08DC2A709B6D0023EFBB /* TweetDataModel.swift */; };
		95FF08E82A74DBA30023EFBB /* TweetTableViewCell.swift in Sources */ = {isa = PBXBuildFile; fileRef = 95FF08E62A74DBA30023EFBB /* TweetTableViewCell.swift */; };
		95FF08E92A74DBA30023EFBB /* TweetTableViewCell.xib in Resources */ = {isa = PBXBuildFile; fileRef = 95FF08E72A74DBA30023EFBB /* TweetTableViewCell.xib */; };
		95FF08F62A820A620023EFBB /* EditorViewController.swift in Sources */ = {isa = PBXBuildFile; fileRef = 95FF08F42A820A620023EFBB /* EditorViewController.swift */; };
		95FF08F72A820A620023EFBB /* EditorViewController.xib in Resources */ = {isa = PBXBuildFile; fileRef = 95FF08F52A820A620023EFBB /* EditorViewController.xib */; };
		E14DD34731309A3DA450AAE6 /* Pods_TwitterApp.framework in Frameworks */ = {isa = PBXBuildFile; fileRef = 75594FC234AF7E154AA92F28 /* Pods_TwitterApp.framework */; };
/* End PBXBuildFile section */

/* Begin PBXContainerItemProxy section */
		95FF08B82A6BAA140023EFBB /* PBXContainerItemProxy */ = {
			isa = PBXContainerItemProxy;
			containerPortal = 95FF08992A6BAA130023EFBB /* Project object */;
			proxyType = 1;
			remoteGlobalIDString = 95FF08A02A6BAA130023EFBB;
			remoteInfo = TwitterApp;
		};
		95FF08C22A6BAA140023EFBB /* PBXContainerItemProxy */ = {
			isa = PBXContainerItemProxy;
			containerPortal = 95FF08992A6BAA130023EFBB /* Project object */;
			proxyType = 1;
			remoteGlobalIDString = 95FF08A02A6BAA130023EFBB;
			remoteInfo = TwitterApp;
		};
/* End PBXContainerItemProxy section */

/* Begin PBXFileReference section */
		18082311AFF574BB22F60D34 /* Pods-TwitterApp.debug.xcconfig */ = {isa = PBXFileReference; includeInIndex = 1; lastKnownFileType = text.xcconfig; name = "Pods-TwitterApp.debug.xcconfig"; path = "Target Support Files/Pods-TwitterApp/Pods-TwitterApp.debug.xcconfig"; sourceTree = "<group>"; };
		36D537434980457F9C767C09 /* Pods-TwitterApp.release.xcconfig */ = {isa = PBXFileReference; includeInIndex = 1; lastKnownFileType = text.xcconfig; name = "Pods-TwitterApp.release.xcconfig"; path = "Target Support Files/Pods-TwitterApp/Pods-TwitterApp.release.xcconfig"; sourceTree = "<group>"; };
		3B1AC8B04BCB5A7844F1EF3A /* Pods-TwitterApp-TwitterAppUITests.debug.xcconfig */ = {isa = PBXFileReference; includeInIndex = 1; lastKnownFileType = text.xcconfig; name = "Pods-TwitterApp-TwitterAppUITests.debug.xcconfig"; path = "Target Support Files/Pods-TwitterApp-TwitterAppUITests/Pods-TwitterApp-TwitterAppUITests.debug.xcconfig"; sourceTree = "<group>"; };
		443DBDB30112C06C37A0BF68 /* Pods_TwitterApp_TwitterAppUITests.framework */ = {isa = PBXFileReference; explicitFileType = wrapper.framework; includeInIndex = 0; path = Pods_TwitterApp_TwitterAppUITests.framework; sourceTree = BUILT_PRODUCTS_DIR; };
		576923A74BFE5BFE1ECF0079 /* Pods-TwitterAppTests.debug.xcconfig */ = {isa = PBXFileReference; includeInIndex = 1; lastKnownFileType = text.xcconfig; name = "Pods-TwitterAppTests.debug.xcconfig"; path = "Target Support Files/Pods-TwitterAppTests/Pods-TwitterAppTests.debug.xcconfig"; sourceTree = "<group>"; };
		75594FC234AF7E154AA92F28 /* Pods_TwitterApp.framework */ = {isa = PBXFileReference; explicitFileType = wrapper.framework; includeInIndex = 0; path = Pods_TwitterApp.framework; sourceTree = BUILT_PRODUCTS_DIR; };
		83A1CE97F688EDD5EAB6866E /* Pods_TwitterAppTests.framework */ = {isa = PBXFileReference; explicitFileType = wrapper.framework; includeInIndex = 0; path = Pods_TwitterAppTests.framework; sourceTree = BUILT_PRODUCTS_DIR; };
		951FA6E22A861D1700855AA4 /* PlaceTextView.swift */ = {isa = PBXFileReference; lastKnownFileType = sourcecode.swift; path = PlaceTextView.swift; sourceTree = "<group>"; };
		95FF08A12A6BAA130023EFBB /* TwitterApp.app */ = {isa = PBXFileReference; explicitFileType = wrapper.application; includeInIndex = 0; path = TwitterApp.app; sourceTree = BUILT_PRODUCTS_DIR; };
		95FF08A42A6BAA130023EFBB /* AppDelegate.swift */ = {isa = PBXFileReference; lastKnownFileType = sourcecode.swift; path = AppDelegate.swift; sourceTree = "<group>"; };
		95FF08A62A6BAA130023EFBB /* SceneDelegate.swift */ = {isa = PBXFileReference; lastKnownFileType = sourcecode.swift; path = SceneDelegate.swift; sourceTree = "<group>"; };
		95FF08AB2A6BAA130023EFBB /* Base */ = {isa = PBXFileReference; lastKnownFileType = file.storyboard; name = Base; path = Base.lproj/Main.storyboard; sourceTree = "<group>"; };
		95FF08AD2A6BAA140023EFBB /* Assets.xcassets */ = {isa = PBXFileReference; lastKnownFileType = folder.assetcatalog; path = Assets.xcassets; sourceTree = "<group>"; };
		95FF08B02A6BAA140023EFBB /* Base */ = {isa = PBXFileReference; lastKnownFileType = file.storyboard; name = Base; path = Base.lproj/LaunchScreen.storyboard; sourceTree = "<group>"; };
		95FF08B22A6BAA140023EFBB /* Info.plist */ = {isa = PBXFileReference; lastKnownFileType = text.plist.xml; path = Info.plist; sourceTree = "<group>"; };
		95FF08B72A6BAA140023EFBB /* TwitterAppTests.xctest */ = {isa = PBXFileReference; explicitFileType = wrapper.cfbundle; includeInIndex = 0; path = TwitterAppTests.xctest; sourceTree = BUILT_PRODUCTS_DIR; };
		95FF08BB2A6BAA140023EFBB /* TwitterAppTests.swift */ = {isa = PBXFileReference; lastKnownFileType = sourcecode.swift; path = TwitterAppTests.swift; sourceTree = "<group>"; };
		95FF08C12A6BAA140023EFBB /* TwitterAppUITests.xctest */ = {isa = PBXFileReference; explicitFileType = wrapper.cfbundle; includeInIndex = 0; path = TwitterAppUITests.xctest; sourceTree = BUILT_PRODUCTS_DIR; };
		95FF08C52A6BAA140023EFBB /* TwitterAppUITests.swift */ = {isa = PBXFileReference; lastKnownFileType = sourcecode.swift; path = TwitterAppUITests.swift; sourceTree = "<group>"; };
		95FF08C72A6BAA140023EFBB /* TwitterAppUITestsLaunchTests.swift */ = {isa = PBXFileReference; lastKnownFileType = sourcecode.swift; path = TwitterAppUITestsLaunchTests.swift; sourceTree = "<group>"; };
		95FF08D82A6D10710023EFBB /* HomeViewController.swift */ = {isa = PBXFileReference; lastKnownFileType = sourcecode.swift; path = HomeViewController.swift; sourceTree = "<group>"; };
		95FF08DC2A709B6D0023EFBB /* TweetDataModel.swift */ = {isa = PBXFileReference; lastKnownFileType = sourcecode.swift; path = TweetDataModel.swift; sourceTree = "<group>"; };
		95FF08E62A74DBA30023EFBB /* TweetTableViewCell.swift */ = {isa = PBXFileReference; lastKnownFileType = sourcecode.swift; path = TweetTableViewCell.swift; sourceTree = "<group>"; };
		95FF08E72A74DBA30023EFBB /* TweetTableViewCell.xib */ = {isa = PBXFileReference; lastKnownFileType = file.xib; path = TweetTableViewCell.xib; sourceTree = "<group>"; };
		95FF08F42A820A620023EFBB /* EditorViewController.swift */ = {isa = PBXFileReference; lastKnownFileType = sourcecode.swift; path = EditorViewController.swift; sourceTree = "<group>"; };
		95FF08F52A820A620023EFBB /* EditorViewController.xib */ = {isa = PBXFileReference; lastKnownFileType = file.xib; path = EditorViewController.xib; sourceTree = "<group>"; };
		A2A58DACCC1E0D9D01932677 /* Pods-TwitterApp-TwitterAppUITests.release.xcconfig */ = {isa = PBXFileReference; includeInIndex = 1; lastKnownFileType = text.xcconfig; name = "Pods-TwitterApp-TwitterAppUITests.release.xcconfig"; path = "Target Support Files/Pods-TwitterApp-TwitterAppUITests/Pods-TwitterApp-TwitterAppUITests.release.xcconfig"; sourceTree = "<group>"; };
		D67E42711E6E2A4BCD34ADA5 /* Pods-TwitterAppTests.release.xcconfig */ = {isa = PBXFileReference; includeInIndex = 1; lastKnownFileType = text.xcconfig; name = "Pods-TwitterAppTests.release.xcconfig"; path = "Target Support Files/Pods-TwitterAppTests/Pods-TwitterAppTests.release.xcconfig"; sourceTree = "<group>"; };
/* End PBXFileReference section */

/* Begin PBXFrameworksBuildPhase section */
		95FF089E2A6BAA130023EFBB /* Frameworks */ = {
			isa = PBXFrameworksBuildPhase;
			buildActionMask = 2147483647;
			files = (
				E14DD34731309A3DA450AAE6 /* Pods_TwitterApp.framework in Frameworks */,
			);
			runOnlyForDeploymentPostprocessing = 0;
		};
		95FF08B42A6BAA140023EFBB /* Frameworks */ = {
			isa = PBXFrameworksBuildPhase;
			buildActionMask = 2147483647;
			files = (
				771071BD5857E30AA1CA3972 /* Pods_TwitterAppTests.framework in Frameworks */,
			);
			runOnlyForDeploymentPostprocessing = 0;
		};
		95FF08BE2A6BAA140023EFBB /* Frameworks */ = {
			isa = PBXFrameworksBuildPhase;
			buildActionMask = 2147483647;
			files = (
				6BE2FA5DB31988EDFE9B3C8C /* Pods_TwitterApp_TwitterAppUITests.framework in Frameworks */,
			);
			runOnlyForDeploymentPostprocessing = 0;
		};
/* End PBXFrameworksBuildPhase section */

/* Begin PBXGroup section */
		0E3712CA954F7A251E7E1388 /* Pods */ = {
			isa = PBXGroup;
			children = (
				18082311AFF574BB22F60D34 /* Pods-TwitterApp.debug.xcconfig */,
				36D537434980457F9C767C09 /* Pods-TwitterApp.release.xcconfig */,
				3B1AC8B04BCB5A7844F1EF3A /* Pods-TwitterApp-TwitterAppUITests.debug.xcconfig */,
				A2A58DACCC1E0D9D01932677 /* Pods-TwitterApp-TwitterAppUITests.release.xcconfig */,
				576923A74BFE5BFE1ECF0079 /* Pods-TwitterAppTests.debug.xcconfig */,
				D67E42711E6E2A4BCD34ADA5 /* Pods-TwitterAppTests.release.xcconfig */,
			);
			path = Pods;
			sourceTree = "<group>";
		};
		43EA51D36A39A607740E2FE7 /* Frameworks */ = {
			isa = PBXGroup;
			children = (
				75594FC234AF7E154AA92F28 /* Pods_TwitterApp.framework */,
				443DBDB30112C06C37A0BF68 /* Pods_TwitterApp_TwitterAppUITests.framework */,
				83A1CE97F688EDD5EAB6866E /* Pods_TwitterAppTests.framework */,
			);
			name = Frameworks;
			sourceTree = "<group>";
		};
		95FF08982A6BAA130023EFBB = {
			isa = PBXGroup;
			children = (
				95FF08A32A6BAA130023EFBB /* TwitterApp */,
				95FF08BA2A6BAA140023EFBB /* TwitterAppTests */,
				95FF08C42A6BAA140023EFBB /* TwitterAppUITests */,
				95FF08A22A6BAA130023EFBB /* Products */,
				0E3712CA954F7A251E7E1388 /* Pods */,
				43EA51D36A39A607740E2FE7 /* Frameworks */,
			);
			sourceTree = "<group>";
		};
		95FF08A22A6BAA130023EFBB /* Products */ = {
			isa = PBXGroup;
			children = (
				95FF08A12A6BAA130023EFBB /* TwitterApp.app */,
				95FF08B72A6BAA140023EFBB /* TwitterAppTests.xctest */,
				95FF08C12A6BAA140023EFBB /* TwitterAppUITests.xctest */,
			);
			name = Products;
			sourceTree = "<group>";
		};
		95FF08A32A6BAA130023EFBB /* TwitterApp */ = {
			isa = PBXGroup;
			children = (
				95FF08A42A6BAA130023EFBB /* AppDelegate.swift */,
				95FF08A62A6BAA130023EFBB /* SceneDelegate.swift */,
				95FF08AA2A6BAA130023EFBB /* Main.storyboard */,
				95FF08AD2A6BAA140023EFBB /* Assets.xcassets */,
				95FF08AF2A6BAA140023EFBB /* LaunchScreen.storyboard */,
				95FF08B22A6BAA140023EFBB /* Info.plist */,
				95FF08D82A6D10710023EFBB /* HomeViewController.swift */,
				95FF08DC2A709B6D0023EFBB /* TweetDataModel.swift */,
				95FF08E62A74DBA30023EFBB /* TweetTableViewCell.swift */,
				95FF08E72A74DBA30023EFBB /* TweetTableViewCell.xib */,
				95FF08F42A820A620023EFBB /* EditorViewController.swift */,
				95FF08F52A820A620023EFBB /* EditorViewController.xib */,
				951FA6E22A861D1700855AA4 /* PlaceTextView.swift */,
			);
			path = TwitterApp;
			sourceTree = "<group>";
		};
		95FF08BA2A6BAA140023EFBB /* TwitterAppTests */ = {
			isa = PBXGroup;
			children = (
				95FF08BB2A6BAA140023EFBB /* TwitterAppTests.swift */,
			);
			path = TwitterAppTests;
			sourceTree = "<group>";
		};
		95FF08C42A6BAA140023EFBB /* TwitterAppUITests */ = {
			isa = PBXGroup;
			children = (
				95FF08C52A6BAA140023EFBB /* TwitterAppUITests.swift */,
				95FF08C72A6BAA140023EFBB /* TwitterAppUITestsLaunchTests.swift */,
			);
			path = TwitterAppUITests;
			sourceTree = "<group>";
		};
/* End PBXGroup section */

/* Begin PBXNativeTarget section */
		95FF08A02A6BAA130023EFBB /* TwitterApp */ = {
			isa = PBXNativeTarget;
			buildConfigurationList = 95FF08CB2A6BAA140023EFBB /* Build configuration list for PBXNativeTarget "TwitterApp" */;
			buildPhases = (
				265E5C7A81C731A85FBE594B /* [CP] Check Pods Manifest.lock */,
				95FF089D2A6BAA130023EFBB /* Sources */,
				95FF089E2A6BAA130023EFBB /* Frameworks */,
				95FF089F2A6BAA130023EFBB /* Resources */,
				6C9346FF0A3E438CECDDFAC0 /* [CP] Embed Pods Frameworks */,
			);
			buildRules = (
			);
			dependencies = (
			);
			name = TwitterApp;
			productName = TwitterApp;
			productReference = 95FF08A12A6BAA130023EFBB /* TwitterApp.app */;
			productType = "com.apple.product-type.application";
		};
		95FF08B62A6BAA140023EFBB /* TwitterAppTests */ = {
			isa = PBXNativeTarget;
			buildConfigurationList = 95FF08CE2A6BAA140023EFBB /* Build configuration list for PBXNativeTarget "TwitterAppTests" */;
			buildPhases = (
				CB1873336F240E07F5310219 /* [CP] Check Pods Manifest.lock */,
				95FF08B32A6BAA140023EFBB /* Sources */,
				95FF08B42A6BAA140023EFBB /* Frameworks */,
				95FF08B52A6BAA140023EFBB /* Resources */,
			);
			buildRules = (
			);
			dependencies = (
				95FF08B92A6BAA140023EFBB /* PBXTargetDependency */,
			);
			name = TwitterAppTests;
			productName = TwitterAppTests;
			productReference = 95FF08B72A6BAA140023EFBB /* TwitterAppTests.xctest */;
			productType = "com.apple.product-type.bundle.unit-test";
		};
		95FF08C02A6BAA140023EFBB /* TwitterAppUITests */ = {
			isa = PBXNativeTarget;
			buildConfigurationList = 95FF08D12A6BAA140023EFBB /* Build configuration list for PBXNativeTarget "TwitterAppUITests" */;
			buildPhases = (
				8D3B0FCEA07808EAF4004F67 /* [CP] Check Pods Manifest.lock */,
				95FF08BD2A6BAA140023EFBB /* Sources */,
				95FF08BE2A6BAA140023EFBB /* Frameworks */,
				95FF08BF2A6BAA140023EFBB /* Resources */,
				15769C888C8BFC9B9534E3BD /* [CP] Embed Pods Frameworks */,
			);
			buildRules = (
			);
			dependencies = (
				95FF08C32A6BAA140023EFBB /* PBXTargetDependency */,
			);
			name = TwitterAppUITests;
			productName = TwitterAppUITests;
			productReference = 95FF08C12A6BAA140023EFBB /* TwitterAppUITests.xctest */;
			productType = "com.apple.product-type.bundle.ui-testing";
		};
/* End PBXNativeTarget section */

/* Begin PBXProject section */
		95FF08992A6BAA130023EFBB /* Project object */ = {
			isa = PBXProject;
			attributes = {
				BuildIndependentTargetsInParallel = 1;
				LastSwiftUpdateCheck = 1430;
				LastUpgradeCheck = 1430;
				TargetAttributes = {
					95FF08A02A6BAA130023EFBB = {
						CreatedOnToolsVersion = 14.3.1;
					};
					95FF08B62A6BAA140023EFBB = {
						CreatedOnToolsVersion = 14.3.1;
						TestTargetID = 95FF08A02A6BAA130023EFBB;
					};
					95FF08C02A6BAA140023EFBB = {
						CreatedOnToolsVersion = 14.3.1;
						TestTargetID = 95FF08A02A6BAA130023EFBB;
					};
				};
			};
			buildConfigurationList = 95FF089C2A6BAA130023EFBB /* Build configuration list for PBXProject "TwitterApp" */;
			compatibilityVersion = "Xcode 14.0";
			developmentRegion = en;
			hasScannedForEncodings = 0;
			knownRegions = (
				en,
				Base,
			);
			mainGroup = 95FF08982A6BAA130023EFBB;
			productRefGroup = 95FF08A22A6BAA130023EFBB /* Products */;
			projectDirPath = "";
			projectRoot = "";
			targets = (
				95FF08A02A6BAA130023EFBB /* TwitterApp */,
				95FF08B62A6BAA140023EFBB /* TwitterAppTests */,
				95FF08C02A6BAA140023EFBB /* TwitterAppUITests */,
			);
		};
/* End PBXProject section */

/* Begin PBXResourcesBuildPhase section */
		95FF089F2A6BAA130023EFBB /* Resources */ = {
			isa = PBXResourcesBuildPhase;
			buildActionMask = 2147483647;
			files = (
				95FF08B12A6BAA140023EFBB /* LaunchScreen.storyboard in Resources */,
				95FF08AE2A6BAA140023EFBB /* Assets.xcassets in Resources */,
				95FF08AC2A6BAA130023EFBB /* Main.storyboard in Resources */,
				95FF08F72A820A620023EFBB /* EditorViewController.xib in Resources */,
				95FF08E92A74DBA30023EFBB /* TweetTableViewCell.xib in Resources */,
			);
			runOnlyForDeploymentPostprocessing = 0;
		};
		95FF08B52A6BAA140023EFBB /* Resources */ = {
			isa = PBXResourcesBuildPhase;
			buildActionMask = 2147483647;
			files = (
			);
			runOnlyForDeploymentPostprocessing = 0;
		};
		95FF08BF2A6BAA140023EFBB /* Resources */ = {
			isa = PBXResourcesBuildPhase;
			buildActionMask = 2147483647;
			files = (
			);
			runOnlyForDeploymentPostprocessing = 0;
		};
/* End PBXResourcesBuildPhase section */

/* Begin PBXShellScriptBuildPhase section */
		15769C888C8BFC9B9534E3BD /* [CP] Embed Pods Frameworks */ = {
			isa = PBXShellScriptBuildPhase;
			buildActionMask = 2147483647;
			files = (
			);
			inputFileListPaths = (
				"${PODS_ROOT}/Target Support Files/Pods-TwitterApp-TwitterAppUITests/Pods-TwitterApp-TwitterAppUITests-frameworks-${CONFIGURATION}-input-files.xcfilelist",
			);
			name = "[CP] Embed Pods Frameworks";
			outputFileListPaths = (
				"${PODS_ROOT}/Target Support Files/Pods-TwitterApp-TwitterAppUITests/Pods-TwitterApp-TwitterAppUITests-frameworks-${CONFIGURATION}-output-files.xcfilelist",
			);
			runOnlyForDeploymentPostprocessing = 0;
			shellPath = /bin/sh;
			shellScript = "\"${PODS_ROOT}/Target Support Files/Pods-TwitterApp-TwitterAppUITests/Pods-TwitterApp-TwitterAppUITests-frameworks.sh\"\n";
			showEnvVarsInLog = 0;
		};
		265E5C7A81C731A85FBE594B /* [CP] Check Pods Manifest.lock */ = {
			isa = PBXShellScriptBuildPhase;
			buildActionMask = 2147483647;
			files = (
			);
			inputFileListPaths = (
			);
			inputPaths = (
				"${PODS_PODFILE_DIR_PATH}/Podfile.lock",
				"${PODS_ROOT}/Manifest.lock",
			);
			name = "[CP] Check Pods Manifest.lock";
			outputFileListPaths = (
			);
			outputPaths = (
				"$(DERIVED_FILE_DIR)/Pods-TwitterApp-checkManifestLockResult.txt",
			);
			runOnlyForDeploymentPostprocessing = 0;
			shellPath = /bin/sh;
			shellScript = "diff \"${PODS_PODFILE_DIR_PATH}/Podfile.lock\" \"${PODS_ROOT}/Manifest.lock\" > /dev/null\nif [ $? != 0 ] ; then\n    # print error to STDERR\n    echo \"error: The sandbox is not in sync with the Podfile.lock. Run 'pod install' or update your CocoaPods installation.\" >&2\n    exit 1\nfi\n# This output is used by Xcode 'outputs' to avoid re-running this script phase.\necho \"SUCCESS\" > \"${SCRIPT_OUTPUT_FILE_0}\"\n";
			showEnvVarsInLog = 0;
		};
		6C9346FF0A3E438CECDDFAC0 /* [CP] Embed Pods Frameworks */ = {
			isa = PBXShellScriptBuildPhase;
			buildActionMask = 2147483647;
			files = (
			);
			inputFileListPaths = (
				"${PODS_ROOT}/Target Support Files/Pods-TwitterApp/Pods-TwitterApp-frameworks-${CONFIGURATION}-input-files.xcfilelist",
			);
			name = "[CP] Embed Pods Frameworks";
			outputFileListPaths = (
				"${PODS_ROOT}/Target Support Files/Pods-TwitterApp/Pods-TwitterApp-frameworks-${CONFIGURATION}-output-files.xcfilelist",
			);
			runOnlyForDeploymentPostprocessing = 0;
			shellPath = /bin/sh;
			shellScript = "\"${PODS_ROOT}/Target Support Files/Pods-TwitterApp/Pods-TwitterApp-frameworks.sh\"\n";
			showEnvVarsInLog = 0;
		};
		8D3B0FCEA07808EAF4004F67 /* [CP] Check Pods Manifest.lock */ = {
			isa = PBXShellScriptBuildPhase;
			buildActionMask = 2147483647;
			files = (
			);
			inputFileListPaths = (
			);
			inputPaths = (
				"${PODS_PODFILE_DIR_PATH}/Podfile.lock",
				"${PODS_ROOT}/Manifest.lock",
			);
			name = "[CP] Check Pods Manifest.lock";
			outputFileListPaths = (
			);
			outputPaths = (
				"$(DERIVED_FILE_DIR)/Pods-TwitterApp-TwitterAppUITests-checkManifestLockResult.txt",
			);
			runOnlyForDeploymentPostprocessing = 0;
			shellPath = /bin/sh;
			shellScript = "diff \"${PODS_PODFILE_DIR_PATH}/Podfile.lock\" \"${PODS_ROOT}/Manifest.lock\" > /dev/null\nif [ $? != 0 ] ; then\n    # print error to STDERR\n    echo \"error: The sandbox is not in sync with the Podfile.lock. Run 'pod install' or update your CocoaPods installation.\" >&2\n    exit 1\nfi\n# This output is used by Xcode 'outputs' to avoid re-running this script phase.\necho \"SUCCESS\" > \"${SCRIPT_OUTPUT_FILE_0}\"\n";
			showEnvVarsInLog = 0;
		};
		CB1873336F240E07F5310219 /* [CP] Check Pods Manifest.lock */ = {
			isa = PBXShellScriptBuildPhase;
			buildActionMask = 2147483647;
			files = (
			);
			inputFileListPaths = (
			);
			inputPaths = (
				"${PODS_PODFILE_DIR_PATH}/Podfile.lock",
				"${PODS_ROOT}/Manifest.lock",
			);
			name = "[CP] Check Pods Manifest.lock";
			outputFileListPaths = (
			);
			outputPaths = (
				"$(DERIVED_FILE_DIR)/Pods-TwitterAppTests-checkManifestLockResult.txt",
			);
			runOnlyForDeploymentPostprocessing = 0;
			shellPath = /bin/sh;
			shellScript = "diff \"${PODS_PODFILE_DIR_PATH}/Podfile.lock\" \"${PODS_ROOT}/Manifest.lock\" > /dev/null\nif [ $? != 0 ] ; then\n    # print error to STDERR\n    echo \"error: The sandbox is not in sync with the Podfile.lock. Run 'pod install' or update your CocoaPods installation.\" >&2\n    exit 1\nfi\n# This output is used by Xcode 'outputs' to avoid re-running this script phase.\necho \"SUCCESS\" > \"${SCRIPT_OUTPUT_FILE_0}\"\n";
			showEnvVarsInLog = 0;
		};
/* End PBXShellScriptBuildPhase section */

/* Begin PBXSourcesBuildPhase section */
		95FF089D2A6BAA130023EFBB /* Sources */ = {
			isa = PBXSourcesBuildPhase;
			buildActionMask = 2147483647;
			files = (
				95FF08A52A6BAA130023EFBB /* AppDelegate.swift in Sources */,
				95FF08F62A820A620023EFBB /* EditorViewController.swift in Sources */,
				95FF08A72A6BAA130023EFBB /* SceneDelegate.swift in Sources */,
				95FF08D92A6D10710023EFBB /* HomeViewController.swift in Sources */,
				95FF08DD2A709B6D0023EFBB /* TweetDataModel.swift in Sources */,
				95FF08E82A74DBA30023EFBB /* TweetTableViewCell.swift in Sources */,
				951FA6E32A861D1700855AA4 /* PlaceTextView.swift in Sources */,
			);
			runOnlyForDeploymentPostprocessing = 0;
		};
		95FF08B32A6BAA140023EFBB /* Sources */ = {
			isa = PBXSourcesBuildPhase;
			buildActionMask = 2147483647;
			files = (
				95FF08BC2A6BAA140023EFBB /* TwitterAppTests.swift in Sources */,
			);
			runOnlyForDeploymentPostprocessing = 0;
		};
		95FF08BD2A6BAA140023EFBB /* Sources */ = {
			isa = PBXSourcesBuildPhase;
			buildActionMask = 2147483647;
			files = (
				95FF08C82A6BAA140023EFBB /* TwitterAppUITestsLaunchTests.swift in Sources */,
				95FF08C62A6BAA140023EFBB /* TwitterAppUITests.swift in Sources */,
			);
			runOnlyForDeploymentPostprocessing = 0;
		};
/* End PBXSourcesBuildPhase section */

/* Begin PBXTargetDependency section */
		95FF08B92A6BAA140023EFBB /* PBXTargetDependency */ = {
			isa = PBXTargetDependency;
			target = 95FF08A02A6BAA130023EFBB /* TwitterApp */;
			targetProxy = 95FF08B82A6BAA140023EFBB /* PBXContainerItemProxy */;
		};
		95FF08C32A6BAA140023EFBB /* PBXTargetDependency */ = {
			isa = PBXTargetDependency;
			target = 95FF08A02A6BAA130023EFBB /* TwitterApp */;
			targetProxy = 95FF08C22A6BAA140023EFBB /* PBXContainerItemProxy */;
		};
/* End PBXTargetDependency section */

/* Begin PBXVariantGroup section */
		95FF08AA2A6BAA130023EFBB /* Main.storyboard */ = {
			isa = PBXVariantGroup;
			children = (
				95FF08AB2A6BAA130023EFBB /* Base */,
			);
			name = Main.storyboard;
			sourceTree = "<group>";
		};
		95FF08AF2A6BAA140023EFBB /* LaunchScreen.storyboard */ = {
			isa = PBXVariantGroup;
			children = (
				95FF08B02A6BAA140023EFBB /* Base */,
			);
			name = LaunchScreen.storyboard;
			sourceTree = "<group>";
		};
/* End PBXVariantGroup section */

/* Begin XCBuildConfiguration section */
		95FF08C92A6BAA140023EFBB /* Debug */ = {
			isa = XCBuildConfiguration;
			buildSettings = {
				ALWAYS_SEARCH_USER_PATHS = NO;
				CLANG_ANALYZER_NONNULL = YES;
				CLANG_ANALYZER_NUMBER_OBJECT_CONVERSION = YES_AGGRESSIVE;
				CLANG_CXX_LANGUAGE_STANDARD = "gnu++20";
				CLANG_ENABLE_MODULES = YES;
				CLANG_ENABLE_OBJC_ARC = YES;
				CLANG_ENABLE_OBJC_WEAK = YES;
				CLANG_WARN_BLOCK_CAPTURE_AUTORELEASING = YES;
				CLANG_WARN_BOOL_CONVERSION = YES;
				CLANG_WARN_COMMA = YES;
				CLANG_WARN_CONSTANT_CONVERSION = YES;
				CLANG_WARN_DEPRECATED_OBJC_IMPLEMENTATIONS = YES;
				CLANG_WARN_DIRECT_OBJC_ISA_USAGE = YES_ERROR;
				CLANG_WARN_DOCUMENTATION_COMMENTS = YES;
				CLANG_WARN_EMPTY_BODY = YES;
				CLANG_WARN_ENUM_CONVERSION = YES;
				CLANG_WARN_INFINITE_RECURSION = YES;
				CLANG_WARN_INT_CONVERSION = YES;
				CLANG_WARN_NON_LITERAL_NULL_CONVERSION = YES;
				CLANG_WARN_OBJC_IMPLICIT_RETAIN_SELF = YES;
				CLANG_WARN_OBJC_LITERAL_CONVERSION = YES;
				CLANG_WARN_OBJC_ROOT_CLASS = YES_ERROR;
				CLANG_WARN_QUOTED_INCLUDE_IN_FRAMEWORK_HEADER = YES;
				CLANG_WARN_RANGE_LOOP_ANALYSIS = YES;
				CLANG_WARN_STRICT_PROTOTYPES = YES;
				CLANG_WARN_SUSPICIOUS_MOVE = YES;
				CLANG_WARN_UNGUARDED_AVAILABILITY = YES_AGGRESSIVE;
				CLANG_WARN_UNREACHABLE_CODE = YES;
				CLANG_WARN__DUPLICATE_METHOD_MATCH = YES;
				COPY_PHASE_STRIP = NO;
				DEBUG_INFORMATION_FORMAT = dwarf;
				ENABLE_STRICT_OBJC_MSGSEND = YES;
				ENABLE_TESTABILITY = YES;
				GCC_C_LANGUAGE_STANDARD = gnu11;
				GCC_DYNAMIC_NO_PIC = NO;
				GCC_NO_COMMON_BLOCKS = YES;
				GCC_OPTIMIZATION_LEVEL = 0;
				GCC_PREPROCESSOR_DEFINITIONS = (
					"DEBUG=1",
					"$(inherited)",
				);
				GCC_WARN_64_TO_32_BIT_CONVERSION = YES;
				GCC_WARN_ABOUT_RETURN_TYPE = YES_ERROR;
				GCC_WARN_UNDECLARED_SELECTOR = YES;
				GCC_WARN_UNINITIALIZED_AUTOS = YES_AGGRESSIVE;
				GCC_WARN_UNUSED_FUNCTION = YES;
				GCC_WARN_UNUSED_VARIABLE = YES;
				IPHONEOS_DEPLOYMENT_TARGET = 16.4;
				MTL_ENABLE_DEBUG_INFO = INCLUDE_SOURCE;
				MTL_FAST_MATH = YES;
				ONLY_ACTIVE_ARCH = YES;
				SDKROOT = iphoneos;
				SWIFT_ACTIVE_COMPILATION_CONDITIONS = DEBUG;
				SWIFT_OPTIMIZATION_LEVEL = "-Onone";
			};
			name = Debug;
		};
		95FF08CA2A6BAA140023EFBB /* Release */ = {
			isa = XCBuildConfiguration;
			buildSettings = {
				ALWAYS_SEARCH_USER_PATHS = NO;
				CLANG_ANALYZER_NONNULL = YES;
				CLANG_ANALYZER_NUMBER_OBJECT_CONVERSION = YES_AGGRESSIVE;
				CLANG_CXX_LANGUAGE_STANDARD = "gnu++20";
				CLANG_ENABLE_MODULES = YES;
				CLANG_ENABLE_OBJC_ARC = YES;
				CLANG_ENABLE_OBJC_WEAK = YES;
				CLANG_WARN_BLOCK_CAPTURE_AUTORELEASING = YES;
				CLANG_WARN_BOOL_CONVERSION = YES;
				CLANG_WARN_COMMA = YES;
				CLANG_WARN_CONSTANT_CONVERSION = YES;
				CLANG_WARN_DEPRECATED_OBJC_IMPLEMENTATIONS = YES;
				CLANG_WARN_DIRECT_OBJC_ISA_USAGE = YES_ERROR;
				CLANG_WARN_DOCUMENTATION_COMMENTS = YES;
				CLANG_WARN_EMPTY_BODY = YES;
				CLANG_WARN_ENUM_CONVERSION = YES;
				CLANG_WARN_INFINITE_RECURSION = YES;
				CLANG_WARN_INT_CONVERSION = YES;
				CLANG_WARN_NON_LITERAL_NULL_CONVERSION = YES;
				CLANG_WARN_OBJC_IMPLICIT_RETAIN_SELF = YES;
				CLANG_WARN_OBJC_LITERAL_CONVERSION = YES;
				CLANG_WARN_OBJC_ROOT_CLASS = YES_ERROR;
				CLANG_WARN_QUOTED_INCLUDE_IN_FRAMEWORK_HEADER = YES;
				CLANG_WARN_RANGE_LOOP_ANALYSIS = YES;
				CLANG_WARN_STRICT_PROTOTYPES = YES;
				CLANG_WARN_SUSPICIOUS_MOVE = YES;
				CLANG_WARN_UNGUARDED_AVAILABILITY = YES_AGGRESSIVE;
				CLANG_WARN_UNREACHABLE_CODE = YES;
				CLANG_WARN__DUPLICATE_METHOD_MATCH = YES;
				COPY_PHASE_STRIP = NO;
				DEBUG_INFORMATION_FORMAT = "dwarf-with-dsym";
				ENABLE_NS_ASSERTIONS = NO;
				ENABLE_STRICT_OBJC_MSGSEND = YES;
				GCC_C_LANGUAGE_STANDARD = gnu11;
				GCC_NO_COMMON_BLOCKS = YES;
				GCC_WARN_64_TO_32_BIT_CONVERSION = YES;
				GCC_WARN_ABOUT_RETURN_TYPE = YES_ERROR;
				GCC_WARN_UNDECLARED_SELECTOR = YES;
				GCC_WARN_UNINITIALIZED_AUTOS = YES_AGGRESSIVE;
				GCC_WARN_UNUSED_FUNCTION = YES;
				GCC_WARN_UNUSED_VARIABLE = YES;
				IPHONEOS_DEPLOYMENT_TARGET = 16.4;
				MTL_ENABLE_DEBUG_INFO = NO;
				MTL_FAST_MATH = YES;
				SDKROOT = iphoneos;
				SWIFT_COMPILATION_MODE = wholemodule;
				SWIFT_OPTIMIZATION_LEVEL = "-O";
				VALIDATE_PRODUCT = YES;
			};
			name = Release;
		};
		95FF08CC2A6BAA140023EFBB /* Debug */ = {
			isa = XCBuildConfiguration;
			baseConfigurationReference = 18082311AFF574BB22F60D34 /* Pods-TwitterApp.debug.xcconfig */;
			buildSettings = {
				ASSETCATALOG_COMPILER_APPICON_NAME = AppIcon;
				ASSETCATALOG_COMPILER_GLOBAL_ACCENT_COLOR_NAME = AccentColor;
				CODE_SIGN_STYLE = Automatic;
				CURRENT_PROJECT_VERSION = 1;
				DEVELOPMENT_TEAM = 57PT3R2QQF;
				GENERATE_INFOPLIST_FILE = YES;
				INFOPLIST_FILE = TwitterApp/Info.plist;
				INFOPLIST_KEY_UIApplicationSupportsIndirectInputEvents = YES;
				INFOPLIST_KEY_UILaunchStoryboardName = LaunchScreen;
				INFOPLIST_KEY_UIMainStoryboardFile = Main;
				INFOPLIST_KEY_UISupportedInterfaceOrientations_iPad = "UIInterfaceOrientationPortrait UIInterfaceOrientationPortraitUpsideDown UIInterfaceOrientationLandscapeLeft UIInterfaceOrientationLandscapeRight";
				INFOPLIST_KEY_UISupportedInterfaceOrientations_iPhone = "UIInterfaceOrientationPortrait UIInterfaceOrientationLandscapeLeft UIInterfaceOrientationLandscapeRight";
				LD_RUNPATH_SEARCH_PATHS = (
					"$(inherited)",
					"@executable_path/Frameworks",
				);
				MARKETING_VERSION = 1.0;
				PRODUCT_BUNDLE_IDENTIFIER = com.kikuchihara.TwitterApp;
				PRODUCT_NAME = "$(TARGET_NAME)";
				SWIFT_EMIT_LOC_STRINGS = YES;
				SWIFT_VERSION = 5.0;
				TARGETED_DEVICE_FAMILY = "1,2";
			};
			name = Debug;
		};
		95FF08CD2A6BAA140023EFBB /* Release */ = {
			isa = XCBuildConfiguration;
			baseConfigurationReference = 36D537434980457F9C767C09 /* Pods-TwitterApp.release.xcconfig */;
			buildSettings = {
				ASSETCATALOG_COMPILER_APPICON_NAME = AppIcon;
				ASSETCATALOG_COMPILER_GLOBAL_ACCENT_COLOR_NAME = AccentColor;
				CODE_SIGN_STYLE = Automatic;
				CURRENT_PROJECT_VERSION = 1;
				DEVELOPMENT_TEAM = 57PT3R2QQF;
				GENERATE_INFOPLIST_FILE = YES;
				INFOPLIST_FILE = TwitterApp/Info.plist;
				INFOPLIST_KEY_UIApplicationSupportsIndirectInputEvents = YES;
				INFOPLIST_KEY_UILaunchStoryboardName = LaunchScreen;
				INFOPLIST_KEY_UIMainStoryboardFile = Main;
				INFOPLIST_KEY_UISupportedInterfaceOrientations_iPad = "UIInterfaceOrientationPortrait UIInterfaceOrientationPortraitUpsideDown UIInterfaceOrientationLandscapeLeft UIInterfaceOrientationLandscapeRight";
				INFOPLIST_KEY_UISupportedInterfaceOrientations_iPhone = "UIInterfaceOrientationPortrait UIInterfaceOrientationLandscapeLeft UIInterfaceOrientationLandscapeRight";
				LD_RUNPATH_SEARCH_PATHS = (
					"$(inherited)",
					"@executable_path/Frameworks",
				);
				MARKETING_VERSION = 1.0;
				PRODUCT_BUNDLE_IDENTIFIER = com.kikuchihara.TwitterApp;
				PRODUCT_NAME = "$(TARGET_NAME)";
				SWIFT_EMIT_LOC_STRINGS = YES;
				SWIFT_VERSION = 5.0;
				TARGETED_DEVICE_FAMILY = "1,2";
			};
			name = Release;
		};
		95FF08CF2A6BAA140023EFBB /* Debug */ = {
			isa = XCBuildConfiguration;
			baseConfigurationReference = 576923A74BFE5BFE1ECF0079 /* Pods-TwitterAppTests.debug.xcconfig */;
			buildSettings = {
				ALWAYS_EMBED_SWIFT_STANDARD_LIBRARIES = YES;
				BUNDLE_LOADER = "$(TEST_HOST)";
				CODE_SIGN_STYLE = Automatic;
				CURRENT_PROJECT_VERSION = 1;
				DEVELOPMENT_TEAM = 57PT3R2QQF;
				GENERATE_INFOPLIST_FILE = YES;
				IPHONEOS_DEPLOYMENT_TARGET = 16.4;
				MARKETING_VERSION = 1.0;
				PRODUCT_BUNDLE_IDENTIFIER = com.kikuchihara.TwitterAppTests;
				PRODUCT_NAME = "$(TARGET_NAME)";
				SWIFT_EMIT_LOC_STRINGS = NO;
				SWIFT_VERSION = 5.0;
				TARGETED_DEVICE_FAMILY = "1,2";
				TEST_HOST = "$(BUILT_PRODUCTS_DIR)/TwitterApp.app/$(BUNDLE_EXECUTABLE_FOLDER_PATH)/TwitterApp";
			};
			name = Debug;
		};
		95FF08D02A6BAA140023EFBB /* Release */ = {
			isa = XCBuildConfiguration;
			baseConfigurationReference = D67E42711E6E2A4BCD34ADA5 /* Pods-TwitterAppTests.release.xcconfig */;
			buildSettings = {
				ALWAYS_EMBED_SWIFT_STANDARD_LIBRARIES = YES;
				BUNDLE_LOADER = "$(TEST_HOST)";
				CODE_SIGN_STYLE = Automatic;
				CURRENT_PROJECT_VERSION = 1;
				DEVELOPMENT_TEAM = 57PT3R2QQF;
				GENERATE_INFOPLIST_FILE = YES;
				IPHONEOS_DEPLOYMENT_TARGET = 16.4;
				MARKETING_VERSION = 1.0;
				PRODUCT_BUNDLE_IDENTIFIER = com.kikuchihara.TwitterAppTests;
				PRODUCT_NAME = "$(TARGET_NAME)";
				SWIFT_EMIT_LOC_STRINGS = NO;
				SWIFT_VERSION = 5.0;
				TARGETED_DEVICE_FAMILY = "1,2";
				TEST_HOST = "$(BUILT_PRODUCTS_DIR)/TwitterApp.app/$(BUNDLE_EXECUTABLE_FOLDER_PATH)/TwitterApp";
			};
			name = Release;
		};
		95FF08D22A6BAA140023EFBB /* Debug */ = {
			isa = XCBuildConfiguration;
			baseConfigurationReference = 3B1AC8B04BCB5A7844F1EF3A /* Pods-TwitterApp-TwitterAppUITests.debug.xcconfig */;
			buildSettings = {
				ALWAYS_EMBED_SWIFT_STANDARD_LIBRARIES = YES;
				CODE_SIGN_STYLE = Automatic;
				CURRENT_PROJECT_VERSION = 1;
				DEVELOPMENT_TEAM = 57PT3R2QQF;
				GENERATE_INFOPLIST_FILE = YES;
				MARKETING_VERSION = 1.0;
				PRODUCT_BUNDLE_IDENTIFIER = com.kikuchihara.TwitterAppUITests;
				PRODUCT_NAME = "$(TARGET_NAME)";
				SWIFT_EMIT_LOC_STRINGS = NO;
				SWIFT_VERSION = 5.0;
				TARGETED_DEVICE_FAMILY = "1,2";
				TEST_TARGET_NAME = TwitterApp;
			};
			name = Debug;
		};
		95FF08D32A6BAA140023EFBB /* Release */ = {
			isa = XCBuildConfiguration;
			baseConfigurationReference = A2A58DACCC1E0D9D01932677 /* Pods-TwitterApp-TwitterAppUITests.release.xcconfig */;
			buildSettings = {
				ALWAYS_EMBED_SWIFT_STANDARD_LIBRARIES = YES;
				CODE_SIGN_STYLE = Automatic;
				CURRENT_PROJECT_VERSION = 1;
				DEVELOPMENT_TEAM = 57PT3R2QQF;
				GENERATE_INFOPLIST_FILE = YES;
				MARKETING_VERSION = 1.0;
				PRODUCT_BUNDLE_IDENTIFIER = com.kikuchihara.TwitterAppUITests;
				PRODUCT_NAME = "$(TARGET_NAME)";
				SWIFT_EMIT_LOC_STRINGS = NO;
				SWIFT_VERSION = 5.0;
				TARGETED_DEVICE_FAMILY = "1,2";
				TEST_TARGET_NAME = TwitterApp;
			};
			name = Release;
		};
/* End XCBuildConfiguration section */

/* Begin XCConfigurationList section */
		95FF089C2A6BAA130023EFBB /* Build configuration list for PBXProject "TwitterApp" */ = {
			isa = XCConfigurationList;
			buildConfigurations = (
				95FF08C92A6BAA140023EFBB /* Debug */,
				95FF08CA2A6BAA140023EFBB /* Release */,
			);
			defaultConfigurationIsVisible = 0;
			defaultConfigurationName = Release;
		};
		95FF08CB2A6BAA140023EFBB /* Build configuration list for PBXNativeTarget "TwitterApp" */ = {
			isa = XCConfigurationList;
			buildConfigurations = (
				95FF08CC2A6BAA140023EFBB /* Debug */,
				95FF08CD2A6BAA140023EFBB /* Release */,
			);
			defaultConfigurationIsVisible = 0;
			defaultConfigurationName = Release;
		};
		95FF08CE2A6BAA140023EFBB /* Build configuration list for PBXNativeTarget "TwitterAppTests" */ = {
			isa = XCConfigurationList;
			buildConfigurations = (
				95FF08CF2A6BAA140023EFBB /* Debug */,
				95FF08D02A6BAA140023EFBB /* Release */,
			);
			defaultConfigurationIsVisible = 0;
			defaultConfigurationName = Release;
		};
		95FF08D12A6BAA140023EFBB /* Build configuration list for PBXNativeTarget "TwitterAppUITests" */ = {
			isa = XCConfigurationList;
			buildConfigurations = (
				95FF08D22A6BAA140023EFBB /* Debug */,
				95FF08D32A6BAA140023EFBB /* Release */,
			);
			defaultConfigurationIsVisible = 0;
			defaultConfigurationName = Release;
		};
/* End XCConfigurationList section */
	};
	rootObject = 95FF08992A6BAA130023EFBB /* Project object */;
}
